// !$*UTF8*$!
{
	archiveVersion = 1;
	classes = {
	};
	objectVersion = 56;
	objects = {

/* Begin PBXBuildFile section */
		548485FF952B77FED00979BD /* Pods_CrashMe.framework in Frameworks */ = {isa = PBXBuildFile; fileRef = 8E83C45339FD1683472AFFBD /* Pods_CrashMe.framework */; };
		D79DC5DD2DDB348A00E87B7D /* AppDelegate.m in Sources */ = {isa = PBXBuildFile; fileRef = D79DC5D02DDB348A00E87B7D /* AppDelegate.m */; };
		D79DC5DE2DDB348A00E87B7D /* main.m in Sources */ = {isa = PBXBuildFile; fileRef = D79DC5D52DDB348A00E87B7D /* main.m */; };
		D79DC5DF2DDB348A00E87B7D /* SceneDelegate.m in Sources */ = {isa = PBXBuildFile; fileRef = D79DC5D92DDB348A00E87B7D /* SceneDelegate.m */; };
		D79DC5E02DDB348A00E87B7D /* ViewController.m in Sources */ = {isa = PBXBuildFile; fileRef = D79DC5DB2DDB348A00E87B7D /* ViewController.m */; };
		D79DC5E12DDB348A00E87B7D /* Assets.xcassets in Resources */ = {isa = PBXBuildFile; fileRef = D79DC5D12DDB348A00E87B7D /* Assets.xcassets */; };
		D79DC5E32DDB348A00E87B7D /* LaunchScreen.storyboard in Resources */ = {isa = PBXBuildFile; fileRef = D79DC5D42DDB348A00E87B7D /* LaunchScreen.storyboard */; };
		D79DC5E42DDB348A00E87B7D /* Main.storyboard in Resources */ = {isa = PBXBuildFile; fileRef = D79DC5D72DDB348A00E87B7D /* Main.storyboard */; };
/* End PBXBuildFile section */

/* Begin PBXFileReference section */
		3FFF88A01BB936EADF1E555D /* Pods-CrashMe.debug.xcconfig */ = {isa = PBXFileReference; includeInIndex = 1; lastKnownFileType = text.xcconfig; name = "Pods-CrashMe.debug.xcconfig"; path = "Target Support Files/Pods-CrashMe/Pods-CrashMe.debug.xcconfig"; sourceTree = "<group>"; };
		8E83C45339FD1683472AFFBD /* Pods_CrashMe.framework */ = {isa = PBXFileReference; explicitFileType = wrapper.framework; includeInIndex = 0; path = Pods_CrashMe.framework; sourceTree = BUILT_PRODUCTS_DIR; };
		B785DB07B947EDD90E3D3EEF /* Pods-CrashMe.release.xcconfig */ = {isa = PBXFileReference; includeInIndex = 1; lastKnownFileType = text.xcconfig; name = "Pods-CrashMe.release.xcconfig"; path = "Target Support Files/Pods-CrashMe/Pods-CrashMe.release.xcconfig"; sourceTree = "<group>"; };
		D72419AD2DD73E0100AA4DA1 /* CrashMe.app */ = {isa = PBXFileReference; explicitFileType = wrapper.application; includeInIndex = 0; path = CrashMe.app; sourceTree = BUILT_PRODUCTS_DIR; };
		D79DC5CF2DDB348A00E87B7D /* AppDelegate.h */ = {isa = PBXFileReference; lastKnownFileType = sourcecode.c.h; path = AppDelegate.h; sourceTree = "<group>"; };
		D79DC5D02DDB348A00E87B7D /* AppDelegate.m */ = {isa = PBXFileReference; lastKnownFileType = sourcecode.c.objc; path = AppDelegate.m; sourceTree = "<group>"; };
		D79DC5D12DDB348A00E87B7D /* Assets.xcassets */ = {isa = PBXFileReference; lastKnownFileType = folder.assetcatalog; path = Assets.xcassets; sourceTree = "<group>"; };
		D79DC5D22DDB348A00E87B7D /* Info.plist */ = {isa = PBXFileReference; lastKnownFileType = text.plist.xml; path = Info.plist; sourceTree = "<group>"; };
		D79DC5D32DDB348A00E87B7D /* Base */ = {isa = PBXFileReference; lastKnownFileType = file.storyboard; name = Base; path = Base.lproj/LaunchScreen.storyboard; sourceTree = "<group>"; };
		D79DC5D52DDB348A00E87B7D /* main.m */ = {isa = PBXFileReference; lastKnownFileType = sourcecode.c.objc; path = main.m; sourceTree = "<group>"; };
		D79DC5D62DDB348A00E87B7D /* Base */ = {isa = PBXFileReference; lastKnownFileType = file.storyboard; name = Base; path = Base.lproj/Main.storyboard; sourceTree = "<group>"; };
		D79DC5D82DDB348A00E87B7D /* SceneDelegate.h */ = {isa = PBXFileReference; lastKnownFileType = sourcecode.c.h; path = SceneDelegate.h; sourceTree = "<group>"; };
		D79DC5D92DDB348A00E87B7D /* SceneDelegate.m */ = {isa = PBXFileReference; lastKnownFileType = sourcecode.c.objc; path = SceneDelegate.m; sourceTree = "<group>"; };
		D79DC5DA2DDB348A00E87B7D /* ViewController.h */ = {isa = PBXFileReference; lastKnownFileType = sourcecode.c.h; path = ViewController.h; sourceTree = "<group>"; };
		D79DC5DB2DDB348A00E87B7D /* ViewController.m */ = {isa = PBXFileReference; lastKnownFileType = sourcecode.c.objc; path = ViewController.m; sourceTree = "<group>"; };
/* End PBXFileReference section */

/* Begin PBXFrameworksBuildPhase section */
		D72419AA2DD73E0100AA4DA1 /* Frameworks */ = {
			isa = PBXFrameworksBuildPhase;
			buildActionMask = 2147483647;
			files = (
				548485FF952B77FED00979BD /* Pods_CrashMe.framework in Frameworks */,
			);
			runOnlyForDeploymentPostprocessing = 0;
		};
/* End PBXFrameworksBuildPhase section */

/* Begin PBXGroup section */
		75F9DA78FA0A408B18560602 /* Frameworks */ = {
			isa = PBXGroup;
			children = (
				8E83C45339FD1683472AFFBD /* Pods_CrashMe.framework */,
			);
			name = Frameworks;
			sourceTree = "<group>";
		};
		D72419A42DD73E0100AA4DA1 = {
			isa = PBXGroup;
			children = (
				D79DC5DC2DDB348A00E87B7D /* CrashMe */,
				D72419AE2DD73E0100AA4DA1 /* Products */,
				FB19945DBCD6B5E89639EAD3 /* Pods */,
				75F9DA78FA0A408B18560602 /* Frameworks */,
			);
			sourceTree = "<group>";
		};
		D72419AE2DD73E0100AA4DA1 /* Products */ = {
			isa = PBXGroup;
			children = (
				D72419AD2DD73E0100AA4DA1 /* CrashMe.app */,
			);
			name = Products;
			sourceTree = "<group>";
		};
		D79DC5DC2DDB348A00E87B7D /* CrashMe */ = {
			isa = PBXGroup;
			children = (
				D79DC5CF2DDB348A00E87B7D /* AppDelegate.h */,
				D79DC5D02DDB348A00E87B7D /* AppDelegate.m */,
				D79DC5D12DDB348A00E87B7D /* Assets.xcassets */,
				D79DC5D22DDB348A00E87B7D /* Info.plist */,
				D79DC5D42DDB348A00E87B7D /* LaunchScreen.storyboard */,
				D79DC5D52DDB348A00E87B7D /* main.m */,
				D79DC5D72DDB348A00E87B7D /* Main.storyboard */,
				D79DC5D82DDB348A00E87B7D /* SceneDelegate.h */,
				D79DC5D92DDB348A00E87B7D /* SceneDelegate.m */,
				D79DC5DA2DDB348A00E87B7D /* ViewController.h */,
				D79DC5DB2DDB348A00E87B7D /* ViewController.m */,
			);
			path = CrashMe;
			sourceTree = "<group>";
		};
		FB19945DBCD6B5E89639EAD3 /* Pods */ = {
			isa = PBXGroup;
			children = (
				3FFF88A01BB936EADF1E555D /* Pods-CrashMe.debug.xcconfig */,
				B785DB07B947EDD90E3D3EEF /* Pods-CrashMe.release.xcconfig */,
			);
			path = Pods;
			sourceTree = "<group>";
		};
/* End PBXGroup section */

/* Begin PBXNativeTarget section */
		D72419AC2DD73E0100AA4DA1 /* CrashMe */ = {
			isa = PBXNativeTarget;
			buildConfigurationList = D72419C52DD73E0400AA4DA1 /* Build configuration list for PBXNativeTarget "CrashMe" */;
			buildPhases = (
				B7347F5637CBF1F5F84B4F91 /* [CP] Check Pods Manifest.lock */,
				D72419A92DD73E0100AA4DA1 /* Sources */,
				D72419AA2DD73E0100AA4DA1 /* Frameworks */,
				D72419AB2DD73E0100AA4DA1 /* Resources */,
				F071043F012C566678EF2ED9 /* [CP] Embed Pods Frameworks */,
			);
			buildRules = (
			);
			dependencies = (
			);
			name = CrashMe;
			productName = CrashMe;
			productReference = D72419AD2DD73E0100AA4DA1 /* CrashMe.app */;
			productType = "com.apple.product-type.application";
		};
/* End PBXNativeTarget section */

/* Begin PBXProject section */
		D72419A52DD73E0100AA4DA1 /* Project object */ = {
			isa = PBXProject;
			attributes = {
				BuildIndependentTargetsInParallel = 1;
				CLASSPREFIX = TI;
				LastUpgradeCheck = 1610;
				TargetAttributes = {
					D72419AC2DD73E0100AA4DA1 = {
						CreatedOnToolsVersion = 16.1;
					};
				};
			};
			buildConfigurationList = D72419A82DD73E0100AA4DA1 /* Build configuration list for PBXProject "CrashMe" */;
			compatibilityVersion = "Xcode 14.0";
			developmentRegion = en;
			hasScannedForEncodings = 0;
			knownRegions = (
				en,
				Base,
			);
			mainGroup = D72419A42DD73E0100AA4DA1;
			productRefGroup = D72419AE2DD73E0100AA4DA1 /* Products */;
			projectDirPath = "";
			projectRoot = "";
			targets = (
				D72419AC2DD73E0100AA4DA1 /* CrashMe */,
			);
		};
/* End PBXProject section */

/* Begin PBXResourcesBuildPhase section */
		D72419AB2DD73E0100AA4DA1 /* Resources */ = {
			isa = PBXResourcesBuildPhase;
			buildActionMask = 2147483647;
			files = (
				D79DC5E12DDB348A00E87B7D /* Assets.xcassets in Resources */,
				D79DC5E32DDB348A00E87B7D /* LaunchScreen.storyboard in Resources */,
				D79DC5E42DDB348A00E87B7D /* Main.storyboard in Resources */,
			);
			runOnlyForDeploymentPostprocessing = 0;
		};
/* End PBXResourcesBuildPhase section */

/* Begin PBXShellScriptBuildPhase section */
		B7347F5637CBF1F5F84B4F91 /* [CP] Check Pods Manifest.lock */ = {
			isa = PBXShellScriptBuildPhase;
			buildActionMask = 2147483647;
			files = (
			);
			inputFileListPaths = (
			);
			inputPaths = (
				"${PODS_PODFILE_DIR_PATH}/Podfile.lock",
				"${PODS_ROOT}/Manifest.lock",
			);
			name = "[CP] Check Pods Manifest.lock";
			outputFileListPaths = (
			);
			outputPaths = (
				"$(DERIVED_FILE_DIR)/Pods-CrashMe-checkManifestLockResult.txt",
			);
			runOnlyForDeploymentPostprocessing = 0;
			shellPath = /bin/sh;
			shellScript = "diff \"${PODS_PODFILE_DIR_PATH}/Podfile.lock\" \"${PODS_ROOT}/Manifest.lock\" > /dev/null\nif [ $? != 0 ] ; then\n    # print error to STDERR\n    echo \"error: The sandbox is not in sync with the Podfile.lock. Run 'pod install' or update your CocoaPods installation.\" >&2\n    exit 1\nfi\n# This output is used by Xcode 'outputs' to avoid re-running this script phase.\necho \"SUCCESS\" > \"${SCRIPT_OUTPUT_FILE_0}\"\n";
			showEnvVarsInLog = 0;
		};
		F071043F012C566678EF2ED9 /* [CP] Embed Pods Frameworks */ = {
			isa = PBXShellScriptBuildPhase;
			buildActionMask = 2147483647;
			files = (
			);
			inputFileListPaths = (
				"${PODS_ROOT}/Target Support Files/Pods-CrashMe/Pods-CrashMe-frameworks-${CONFIGURATION}-input-files.xcfilelist",
			);
			name = "[CP] Embed Pods Frameworks";
			outputFileListPaths = (
				"${PODS_ROOT}/Target Support Files/Pods-CrashMe/Pods-CrashMe-frameworks-${CONFIGURATION}-output-files.xcfilelist",
			);
			runOnlyForDeploymentPostprocessing = 0;
			shellPath = /bin/sh;
			shellScript = "\"${PODS_ROOT}/Target Support Files/Pods-CrashMe/Pods-CrashMe-frameworks.sh\"\n";
			showEnvVarsInLog = 0;
		};
/* End PBXShellScriptBuildPhase section */

/* Begin PBXSourcesBuildPhase section */
		D72419A92DD73E0100AA4DA1 /* Sources */ = {
			isa = PBXSourcesBuildPhase;
			buildActionMask = 2147483647;
			files = (
				D79DC5DD2DDB348A00E87B7D /* AppDelegate.m in Sources */,
				D79DC5DE2DDB348A00E87B7D /* main.m in Sources */,
				D79DC5DF2DDB348A00E87B7D /* SceneDelegate.m in Sources */,
				D79DC5E02DDB348A00E87B7D /* ViewController.m in Sources */,
			);
			runOnlyForDeploymentPostprocessing = 0;
		};
/* End PBXSourcesBuildPhase section */

/* Begin PBXVariantGroup section */
		D79DC5D42DDB348A00E87B7D /* LaunchScreen.storyboard */ = {
			isa = PBXVariantGroup;
			children = (
				D79DC5D32DDB348A00E87B7D /* Base */,
			);
			name = LaunchScreen.storyboard;
			sourceTree = "<group>";
		};
		D79DC5D72DDB348A00E87B7D /* Main.storyboard */ = {
			isa = PBXVariantGroup;
			children = (
				D79DC5D62DDB348A00E87B7D /* Base */,
			);
			name = Main.storyboard;
			sourceTree = "<group>";
		};
/* End PBXVariantGroup section */

/* Begin XCBuildConfiguration section */
		D72419C62DD73E0400AA4DA1 /* Debug */ = {
			isa = XCBuildConfiguration;
			baseConfigurationReference = 3FFF88A01BB936EADF1E555D /* Pods-CrashMe.debug.xcconfig */;
			buildSettings = {
				ASSETCATALOG_COMPILER_APPICON_NAME = AppIcon;
				ASSETCATALOG_COMPILER_GLOBAL_ACCENT_COLOR_NAME = AccentColor;
				CODE_SIGN_STYLE = Automatic;
				CURRENT_PROJECT_VERSION = 1;
				ENABLE_USER_SCRIPT_SANDBOXING = NO;
				GENERATE_INFOPLIST_FILE = YES;
				INFOPLIST_FILE = CrashMe/Info.plist;
				INFOPLIST_KEY_CFBundleDisplayName = CrashMe;
				INFOPLIST_KEY_UIApplicationSupportsIndirectInputEvents = YES;
				INFOPLIST_KEY_UILaunchStoryboardName = LaunchScreen;
				INFOPLIST_KEY_UIMainStoryboardFile = Main;
				INFOPLIST_KEY_UISupportedInterfaceOrientations_iPad = "UIInterfaceOrientationPortrait UIInterfaceOrientationPortraitUpsideDown UIInterfaceOrientationLandscapeLeft UIInterfaceOrientationLandscapeRight";
				INFOPLIST_KEY_UISupportedInterfaceOrientations_iPhone = "UIInterfaceOrientationPortrait UIInterfaceOrientationLandscapeLeft UIInterfaceOrientationLandscapeRight";
				IPHONEOS_DEPLOYMENT_TARGET = 16.6;
				LD_RUNPATH_SEARCH_PATHS = (
					"$(inherited)",
					"@executable_path/Frameworks",
				);
				MARKETING_VERSION = 1.0;
				PRODUCT_BUNDLE_IDENTIFIER = com.todayios.demo.CrashMe;
				PRODUCT_NAME = "$(TARGET_NAME)";
				SWIFT_EMIT_LOC_STRINGS = YES;
				TARGETED_DEVICE_FAMILY = "1,2";
			};
			name = Debug;
		};
		D72419C72DD73E0400AA4DA1 /* Release */ = {
			isa = XCBuildConfiguration;
			baseConfigurationReference = B785DB07B947EDD90E3D3EEF /* Pods-CrashMe.release.xcconfig */;
			buildSettings = {
				ASSETCATALOG_COMPILER_APPICON_NAME = AppIcon;
				ASSETCATALOG_COMPILER_GLOBAL_ACCENT_COLOR_NAME = AccentColor;
				CODE_SIGN_STYLE = Automatic;
				CURRENT_PROJECT_VERSION = 1;
				ENABLE_USER_SCRIPT_SANDBOXING = NO;
				GENERATE_INFOPLIST_FILE = YES;
				INFOPLIST_FILE = CrashMe/Info.plist;
				INFOPLIST_KEY_CFBundleDisplayName = CrashMe;
				INFOPLIST_KEY_UIApplicationSupportsIndirectInputEvents = YES;
				INFOPLIST_KEY_UILaunchStoryboardName = LaunchScreen;
				INFOPLIST_KEY_UIMainStoryboardFile = Main;
				INFOPLIST_KEY_UISupportedInterfaceOrientations_iPad = "UIInterfaceOrientationPortrait UIInterfaceOrientationPortraitUpsideDown UIInterfaceOrientationLandscapeLeft UIInterfaceOrientationLandscapeRight";
				INFOPLIST_KEY_UISupportedInterfaceOrientations_iPhone = "UIInterfaceOrientationPortrait UIInterfaceOrientationLandscapeLeft UIInterfaceOrientationLandscapeRight";
				IPHONEOS_DEPLOYMENT_TARGET = 16.6;
				LD_RUNPATH_SEARCH_PATHS = (
					"$(inherited)",
					"@executable_path/Frameworks",
				);
				MARKETING_VERSION = 1.0;
				PRODUCT_BUNDLE_IDENTIFIER = com.todayios.demo.CrashMe;
				PRODUCT_NAME = "$(TARGET_NAME)";
				SWIFT_EMIT_LOC_STRINGS = YES;
				TARGETED_DEVICE_FAMILY = "1,2";
			};
			name = Release;
		};
		D72419C82DD73E0400AA4DA1 /* Debug */ = {
			isa = XCBuildConfiguration;
			buildSettings = {
				ALWAYS_SEARCH_USER_PATHS = NO;
				ASSETCATALOG_COMPILER_GENERATE_SWIFT_ASSET_SYMBOL_EXTENSIONS = YES;
				CLANG_ANALYZER_NONNULL = YES;
				CLANG_ANALYZER_NUMBER_OBJECT_CONVERSION = YES_AGGRESSIVE;
				CLANG_CXX_LANGUAGE_STANDARD = "gnu++20";
				CLANG_ENABLE_MODULES = YES;
				CLANG_ENABLE_OBJC_ARC = YES;
				CLANG_ENABLE_OBJC_WEAK = YES;
				CLANG_WARN_BLOCK_CAPTURE_AUTORELEASING = YES;
				CLANG_WARN_BOOL_CONVERSION = YES;
				CLANG_WARN_COMMA = YES;
				CLANG_WARN_CONSTANT_CONVERSION = YES;
				CLANG_WARN_DEPRECATED_OBJC_IMPLEMENTATIONS = YES;
				CLANG_WARN_DIRECT_OBJC_ISA_USAGE = YES_ERROR;
				CLANG_WARN_DOCUMENTATION_COMMENTS = YES;
				CLANG_WARN_EMPTY_BODY = YES;
				CLANG_WARN_ENUM_CONVERSION = YES;
				CLANG_WARN_INFINITE_RECURSION = YES;
				CLANG_WARN_INT_CONVERSION = YES;
				CLANG_WARN_NON_LITERAL_NULL_CONVERSION = YES;
				CLANG_WARN_OBJC_IMPLICIT_RETAIN_SELF = YES;
				CLANG_WARN_OBJC_LITERAL_CONVERSION = YES;
				CLANG_WARN_OBJC_ROOT_CLASS = YES_ERROR;
				CLANG_WARN_QUOTED_INCLUDE_IN_FRAMEWORK_HEADER = YES;
				CLANG_WARN_RANGE_LOOP_ANALYSIS = YES;
				CLANG_WARN_STRICT_PROTOTYPES = YES;
				CLANG_WARN_SUSPICIOUS_MOVE = YES;
				CLANG_WARN_UNGUARDED_AVAILABILITY = YES_AGGRESSIVE;
				CLANG_WARN_UNREACHABLE_CODE = YES;
				CLANG_WARN__DUPLICATE_METHOD_MATCH = YES;
				COPY_PHASE_STRIP = NO;
				DEBUG_INFORMATION_FORMAT = dwarf;
				ENABLE_STRICT_OBJC_MSGSEND = YES;
				ENABLE_TESTABILITY = YES;
				ENABLE_USER_SCRIPT_SANDBOXING = YES;
				GCC_C_LANGUAGE_STANDARD = gnu17;
				GCC_DYNAMIC_NO_PIC = NO;
				GCC_NO_COMMON_BLOCKS = YES;
				GCC_OPTIMIZATION_LEVEL = 0;
				GCC_PREPROCESSOR_DEFINITIONS = (
					"DEBUG=1",
					"$(inherited)",
				);
				GCC_WARN_64_TO_32_BIT_CONVERSION = YES;
				GCC_WARN_ABOUT_RETURN_TYPE = YES_ERROR;
				GCC_WARN_UNDECLARED_SELECTOR = YES;
				GCC_WARN_UNINITIALIZED_AUTOS = YES_AGGRESSIVE;
				GCC_WARN_UNUSED_FUNCTION = YES;
				GCC_WARN_UNUSED_VARIABLE = YES;
				IPHONEOS_DEPLOYMENT_TARGET = 18.1;
				LOCALIZATION_PREFERS_STRING_CATALOGS = YES;
				MTL_ENABLE_DEBUG_INFO = INCLUDE_SOURCE;
				MTL_FAST_MATH = YES;
				ONLY_ACTIVE_ARCH = YES;
				SDKROOT = iphoneos;
			};
			name = Debug;
		};
		D72419C92DD73E0400AA4DA1 /* Release */ = {
			isa = XCBuildConfiguration;
			buildSettings = {
				ALWAYS_SEARCH_USER_PATHS = NO;
				ASSETCATALOG_COMPILER_GENERATE_SWIFT_ASSET_SYMBOL_EXTENSIONS = YES;
				CLANG_ANALYZER_NONNULL = YES;
				CLANG_ANALYZER_NUMBER_OBJECT_CONVERSION = YES_AGGRESSIVE;
				CLANG_CXX_LANGUAGE_STANDARD = "gnu++20";
				CLANG_ENABLE_MODULES = YES;
				CLANG_ENABLE_OBJC_ARC = YES;
				CLANG_ENABLE_OBJC_WEAK = YES;
				CLANG_WARN_BLOCK_CAPTURE_AUTORELEASING = YES;
				CLANG_WARN_BOOL_CONVERSION = YES;
				CLANG_WARN_COMMA = YES;
				CLANG_WARN_CONSTANT_CONVERSION = YES;
				CLANG_WARN_DEPRECATED_OBJC_IMPLEMENTATIONS = YES;
				CLANG_WARN_DIRECT_OBJC_ISA_USAGE = YES_ERROR;
				CLANG_WARN_DOCUMENTATION_COMMENTS = YES;
				CLANG_WARN_EMPTY_BODY = YES;
				CLANG_WARN_ENUM_CONVERSION = YES;
				CLANG_WARN_INFINITE_RECURSION = YES;
				CLANG_WARN_INT_CONVERSION = YES;
				CLANG_WARN_NON_LITERAL_NULL_CONVERSION = YES;
				CLANG_WARN_OBJC_IMPLICIT_RETAIN_SELF = YES;
				CLANG_WARN_OBJC_LITERAL_CONVERSION = YES;
				CLANG_WARN_OBJC_ROOT_CLASS = YES_ERROR;
				CLANG_WARN_QUOTED_INCLUDE_IN_FRAMEWORK_HEADER = YES;
				CLANG_WARN_RANGE_LOOP_ANALYSIS = YES;
				CLANG_WARN_STRICT_PROTOTYPES = YES;
				CLANG_WARN_SUSPICIOUS_MOVE = YES;
				CLANG_WARN_UNGUARDED_AVAILABILITY = YES_AGGRESSIVE;
				CLANG_WARN_UNREACHABLE_CODE = YES;
				CLANG_WARN__DUPLICATE_METHOD_MATCH = YES;
				COPY_PHASE_STRIP = NO;
				DEBUG_INFORMATION_FORMAT = "dwarf-with-dsym";
				ENABLE_NS_ASSERTIONS = NO;
				ENABLE_STRICT_OBJC_MSGSEND = YES;
				ENABLE_USER_SCRIPT_SANDBOXING = YES;
				GCC_C_LANGUAGE_STANDARD = gnu17;
				GCC_NO_COMMON_BLOCKS = YES;
				GCC_WARN_64_TO_32_BIT_CONVERSION = YES;
				GCC_WARN_ABOUT_RETURN_TYPE = YES_ERROR;
				GCC_WARN_UNDECLARED_SELECTOR = YES;
				GCC_WARN_UNINITIALIZED_AUTOS = YES_AGGRESSIVE;
				GCC_WARN_UNUSED_FUNCTION = YES;
				GCC_WARN_UNUSED_VARIABLE = YES;
				IPHONEOS_DEPLOYMENT_TARGET = 18.1;
				LOCALIZATION_PREFERS_STRING_CATALOGS = YES;
				MTL_ENABLE_DEBUG_INFO = NO;
				MTL_FAST_MATH = YES;
				SDKROOT = iphoneos;
				VALIDATE_PRODUCT = YES;
			};
			name = Release;
		};
/* End XCBuildConfiguration section */

/* Begin XCConfigurationList section */
		D72419A82DD73E0100AA4DA1 /* Build configuration list for PBXProject "CrashMe" */ = {
			isa = XCConfigurationList;
			buildConfigurations = (
				D72419C82DD73E0400AA4DA1 /* Debug */,
				D72419C92DD73E0400AA4DA1 /* Release */,
			);
			defaultConfigurationIsVisible = 0;
			defaultConfigurationName = Release;
		};
		D72419C52DD73E0400AA4DA1 /* Build configuration list for PBXNativeTarget "CrashMe" */ = {
			isa = XCConfigurationList;
			buildConfigurations = (
				D72419C62DD73E0400AA4DA1 /* Debug */,
				D72419C72DD73E0400AA4DA1 /* Release */,
			);
			defaultConfigurationIsVisible = 0;
			defaultConfigurationName = Release;
		};
/* End XCConfigurationList section */
	};
	rootObject = D72419A52DD73E0100AA4DA1 /* Project object */;
}
