PODS:
  - Masonry (1.1.0)
  - MJExtension (3.4.1)
  - TIFastApp/App (0.1.0):
    - Masonry
    - TIFastApp/Common
    - TIFastApp/Resource
  - TIFastApp/Common (0.1.0):
    - MJExtension
  - TIFastApp/Resource (0.1.0)

DEPENDENCIES:
  - Masonry
  - MJExtension
  - TIFastApp/App (from `../`)
  - TIFastApp/Common (from `../`)

SPEC REPOS:
  trunk:
    - Masonry
    - MJExtension

EXTERNAL SOURCES:
  TIFastApp:
    :path: "../"

SPEC CHECKSUMS:
  Masonry: 678fab65091a9290e40e2832a55e7ab731aad201
  MJExtension: 21c5f6f8c4d5d8844b7ae8fbae08fed0b501f961
  TIFastApp: 1dea935a9dd988600c391adc69822065228a30f8

PODFILE CHECKSUM: 323f0ac63f476e06d566dc518119c163779d50c6

COCOAPODS: 1.15.2
