PODS:
  - Masonry (1.1.0)
  - MJExtension (3.4.2)

DEPENDENCIES:
  - Masonry
  - MJExtension

SPEC REPOS:
  trunk:
    - Masonry
    - MJExtension

SPEC CHECKSUMS:
  Masonry: 678fab65091a9290e40e2832a55e7ab731aad201
  MJExtension: e97d164cb411aa9795cf576093a1fa208b4a8dd8

PODFILE CHECKSUM: 082da8c2b2002dd98c2df77d38a823eaff3d1e19

COCOAPODS: 1.15.2
