PODS:
  - Masonry (1.1.0)
  - MJExtension (3.4.2)

DEPENDENCIES:
  - Masonry
  - MJExtension

SPEC REPOS:
  trunk:
    - Masonry
    - MJExtension

SPEC CHECKSUMS:
  Masonry: 678fab65091a9290e40e2832a55e7ab731aad201
  MJExtension: e97d164cb411aa9795cf576093a1fa208b4a8dd8

PODFILE CHECKSUM: 56dfcb51edddf5ac9d8f179b60db0640968d6469

COCOAPODS: 1.15.2
